
Microsoft Visual Studio Solution File, Format Version 12.00
# Visual Studio 2013
VisualStudioVersion = 12.0.21005.1
MinimumVisualStudioVersion = 10.0.40219.1
Project("{FAE04EC0-301F-11D3-BF4B-00C04F79EFBC}") = "Demo.Trojan.Helloween.Server", "Demo.Trojan.Helloween.Server\Demo.Trojan.Helloween.Server.csproj", "{A2020305-D111-42AB-A2A1-C7288A10B9D6}"
EndProject
Project("{E24C65DC-7377-472B-9ABA-BC803B73C61A}") = "Demo.Trojan.Helloween.Client(2)", "http://localhost:1641", "{B5A03290-6747-4DE7-B59D-3209056C0A0E}"
	ProjectSection(WebsiteProperties) = preProject
		UseIISExpress = "true"
		TargetFrameworkMoniker = ".NETFramework,Version%3Dv4.5.1"
		Debug.AspNetCompiler.VirtualPath = "/localhost_1641"
		Debug.AspNetCompiler.PhysicalPath = "Demo.Trojan.Helloween.Client\"
		Debug.AspNetCompiler.TargetPath = "PrecompiledWeb\localhost_1641\"
		Debug.AspNetCompiler.Updateable = "true"
		Debug.AspNetCompiler.ForceOverwrite = "true"
		Debug.AspNetCompiler.FixedNames = "false"
		Debug.AspNetCompiler.Debug = "True"
		Release.AspNetCompiler.VirtualPath = "/localhost_1641"
		Release.AspNetCompiler.PhysicalPath = "Demo.Trojan.Helloween.Client\"
		Release.AspNetCompiler.TargetPath = "PrecompiledWeb\localhost_1641\"
		Release.AspNetCompiler.Updateable = "true"
		Release.AspNetCompiler.ForceOverwrite = "true"
		Release.AspNetCompiler.FixedNames = "false"
		Release.AspNetCompiler.Debug = "False"
		SlnRelativePath = "Demo.Trojan.Helloween.Client\"
		DefaultWebSiteLanguage = "Visual C#"
	EndProjectSection
EndProject
Global
	GlobalSection(SolutionConfigurationPlatforms) = preSolution
		Debug|Any CPU = Debug|Any CPU
		Release|Any CPU = Release|Any CPU
	EndGlobalSection
	GlobalSection(ProjectConfigurationPlatforms) = postSolution
		{A2020305-D111-42AB-A2A1-C7288A10B9D6}.Debug|Any CPU.ActiveCfg = Debug|Any CPU
		{A2020305-D111-42AB-A2A1-C7288A10B9D6}.Debug|Any CPU.Build.0 = Debug|Any CPU
		{A2020305-D111-42AB-A2A1-C7288A10B9D6}.Release|Any CPU.ActiveCfg = Release|Any CPU
		{A2020305-D111-42AB-A2A1-C7288A10B9D6}.Release|Any CPU.Build.0 = Release|Any CPU
		{B5A03290-6747-4DE7-B59D-3209056C0A0E}.Debug|Any CPU.ActiveCfg = Debug|Any CPU
		{B5A03290-6747-4DE7-B59D-3209056C0A0E}.Debug|Any CPU.Build.0 = Debug|Any CPU
		{B5A03290-6747-4DE7-B59D-3209056C0A0E}.Release|Any CPU.ActiveCfg = Debug|Any CPU
		{B5A03290-6747-4DE7-B59D-3209056C0A0E}.Release|Any CPU.Build.0 = Debug|Any CPU
	EndGlobalSection
	GlobalSection(SolutionProperties) = preSolution
		HideSolutionNode = FALSE
	EndGlobalSection
EndGlobal
